
Microsoft Visual Studio Solution File, Format Version 12.00
# Visual Studio Version 17
VisualStudioVersion = 17.8.34330.188
MinimumVisualStudioVersion = 10.0.40219.1
Project("{FAE04EC0-301F-11D3-BF4B-00C04F79EFBC}") = "CleanArchitecture.Infrastructure", "CleanArchitecture.Infrastructure\CleanArchitecture.Infrastructure.csproj", "{DDFBEE9A-C749-4589-A7A1-96149A296925}"
EndProject
Project("{FAE04EC0-301F-11D3-BF4B-00C04F79EFBC}") = "CleeanArchitecture.Api", "CleeanArchitecture.Api\CleeanArchitecture.Api.csproj", "{F0069C79-FD7E-445A-A269-A6AB9C8A8006}"
EndProject
Global
	GlobalSection(SolutionConfigurationPlatforms) = preSolution
		Debug|Any CPU = Debug|Any CPU
		Release|Any CPU = Release|Any CPU
	EndGlobalSection
	GlobalSection(ProjectConfigurationPlatforms) = postSolution
		{DDFBEE9A-C749-4589-A7A1-96149A296925}.Debug|Any CPU.ActiveCfg = Debug|Any CPU
		{DDFBEE9A-C749-4589-A7A1-96149A296925}.Debug|Any CPU.Build.0 = Debug|Any CPU
		{DDFBEE9A-C749-4589-A7A1-96149A296925}.Release|Any CPU.ActiveCfg = Release|Any CPU
		{DDFBEE9A-C749-4589-A7A1-96149A296925}.Release|Any CPU.Build.0 = Release|Any CPU
		{F0069C79-FD7E-445A-A269-A6AB9C8A8006}.Debug|Any CPU.ActiveCfg = Debug|Any CPU
		{F0069C79-FD7E-445A-A269-A6AB9C8A8006}.Debug|Any CPU.Build.0 = Debug|Any CPU
		{F0069C79-FD7E-445A-A269-A6AB9C8A8006}.Release|Any CPU.ActiveCfg = Release|Any CPU
		{F0069C79-FD7E-445A-A269-A6AB9C8A8006}.Release|Any CPU.Build.0 = Release|Any CPU
	EndGlobalSection
	GlobalSection(SolutionProperties) = preSolution
		HideSolutionNode = FALSE
	EndGlobalSection
	GlobalSection(ExtensibilityGlobals) = postSolution
		SolutionGuid = {265566D2-2489-419A-B8E7-9E3D27D74F3D}
	EndGlobalSection
EndGlobal
